// !$*UTF8*$!
{
	archiveVersion = 1;
	classes = {
	};
	objectVersion = 46;
	objects = {

/* Begin PBXBuildFile section */
		4697D2C61A9331D300807BF7 /* AppDelegate.swift in Sources */ = {isa = PBXBuildFile; fileRef = 4697D2C51A9331D300807BF7 /* AppDelegate.swift */; };
		4697D2C81A9331D300807BF7 /* ViewController.swift in Sources */ = {isa = PBXBuildFile; fileRef = 4697D2C71A9331D300807BF7 /* ViewController.swift */; };
		4697D2CB1A9331D300807BF7 /* Main.storyboard in Resources */ = {isa = PBXBuildFile; fileRef = 4697D2C91A9331D300807BF7 /* Main.storyboard */; };
		4697D2CD1A9331D300807BF7 /* Images.xcassets in Resources */ = {isa = PBXBuildFile; fileRef = 4697D2CC1A9331D300807BF7 /* Images.xcassets */; };
		4697D2D01A9331D300807BF7 /* LaunchScreen.xib in Resources */ = {isa = PBXBuildFile; fileRef = 4697D2CE1A9331D300807BF7 /* LaunchScreen.xib */; };
		4697D2DC1A9331D300807BF7 /* swift_calTests.swift in Sources */ = {isa = PBXBuildFile; fileRef = 4697D2DB1A9331D300807BF7 /* swift_calTests.swift */; };
/* End PBXBuildFile section */

/* Begin PBXContainerItemProxy section */
		4697D2D61A9331D300807BF7 /* PBXContainerItemProxy */ = {
			isa = PBXContainerItemProxy;
			containerPortal = 4697D2B81A9331D300807BF7 /* Project object */;
			proxyType = 1;
			remoteGlobalIDString = 4697D2BF1A9331D300807BF7;
			remoteInfo = swift_cal;
		};
/* End PBXContainerItemProxy section */

/* Begin PBXFileReference section */
		4697D2C01A9331D300807BF7 /* swift_cal.app */ = {isa = PBXFileReference; explicitFileType = wrapper.application; includeInIndex = 0; path = swift_cal.app; sourceTree = BUILT_PRODUCTS_DIR; };
		4697D2C41A9331D300807BF7 /* Info.plist */ = {isa = PBXFileReference; lastKnownFileType = text.plist.xml; path = Info.plist; sourceTree = "<group>"; };
		4697D2C51A9331D300807BF7 /* AppDelegate.swift */ = {isa = PBXFileReference; lastKnownFileType = sourcecode.swift; path = AppDelegate.swift; sourceTree = "<group>"; };
		4697D2C71A9331D300807BF7 /* ViewController.swift */ = {isa = PBXFileReference; lastKnownFileType = sourcecode.swift; path = ViewController.swift; sourceTree = "<group>"; };
		4697D2CA1A9331D300807BF7 /* Base */ = {isa = PBXFileReference; lastKnownFileType = file.storyboard; name = Base; path = Base.lproj/Main.storyboard; sourceTree = "<group>"; };
		4697D2CC1A9331D300807BF7 /* Images.xcassets */ = {isa = PBXFileReference; lastKnownFileType = folder.assetcatalog; path = Images.xcassets; sourceTree = "<group>"; };
		4697D2CF1A9331D300807BF7 /* Base */ = {isa = PBXFileReference; lastKnownFileType = file.xib; name = Base; path = Base.lproj/LaunchScreen.xib; sourceTree = "<group>"; };
		4697D2D51A9331D300807BF7 /* swift_calTests.xctest */ = {isa = PBXFileReference; explicitFileType = wrapper.cfbundle; includeInIndex = 0; path = swift_calTests.xctest; sourceTree = BUILT_PRODUCTS_DIR; };
		4697D2DA1A9331D300807BF7 /* Info.plist */ = {isa = PBXFileReference; lastKnownFileType = text.plist.xml; path = Info.plist; sourceTree = "<group>"; };
		4697D2DB1A9331D300807BF7 /* swift_calTests.swift */ = {isa = PBXFileReference; lastKnownFileType = sourcecode.swift; path = swift_calTests.swift; sourceTree = "<group>"; };
/* End PBXFileReference section */

/* Begin PBXFrameworksBuildPhase section */
		4697D2BD1A9331D300807BF7 /* Frameworks */ = {
			isa = PBXFrameworksBuildPhase;
			buildActionMask = 2147483647;
			files = (
			);
			runOnlyForDeploymentPostprocessing = 0;
		};
		4697D2D21A9331D300807BF7 /* Frameworks */ = {
			isa = PBXFrameworksBuildPhase;
			buildActionMask = 2147483647;
			files = (
			);
			runOnlyForDeploymentPostprocessing = 0;
		};
/* End PBXFrameworksBuildPhase section */

/* Begin PBXGroup section */
		4697D2B71A9331D300807BF7 = {
			isa = PBXGroup;
			children = (
				4697D2C21A9331D300807BF7 /* swift_cal */,
				4697D2D81A9331D300807BF7 /* swift_calTests */,
				4697D2C11A9331D300807BF7 /* Products */,
			);
			sourceTree = "<group>";
		};
		4697D2C11A9331D300807BF7 /* Products */ = {
			isa = PBXGroup;
			children = (
				4697D2C01A9331D300807BF7 /* swift_cal.app */,
				4697D2D51A9331D300807BF7 /* swift_calTests.xctest */,
			);
			name = Products;
			sourceTree = "<group>";
		};
		4697D2C21A9331D300807BF7 /* swift_cal */ = {
			isa = PBXGroup;
			children = (
				4697D2C51A9331D300807BF7 /* AppDelegate.swift */,
				4697D2C71A9331D300807BF7 /* ViewController.swift */,
				4697D2C91A9331D300807BF7 /* Main.storyboard */,
				4697D2CC1A9331D300807BF7 /* Images.xcassets */,
				4697D2CE1A9331D300807BF7 /* LaunchScreen.xib */,
				4697D2C31A9331D300807BF7 /* Supporting Files */,
			);
			path = swift_cal;
			sourceTree = "<group>";
		};
		4697D2C31A9331D300807BF7 /* Supporting Files */ = {
			isa = PBXGroup;
			children = (
				4697D2C41A9331D300807BF7 /* Info.plist */,
			);
			name = "Supporting Files";
			sourceTree = "<group>";
		};
		4697D2D81A9331D300807BF7 /* swift_calTests */ = {
			isa = PBXGroup;
			children = (
				4697D2DB1A9331D300807BF7 /* swift_calTests.swift */,
				4697D2D91A9331D300807BF7 /* Supporting Files */,
			);
			path = swift_calTests;
			sourceTree = "<group>";
		};
		4697D2D91A9331D300807BF7 /* Supporting Files */ = {
			isa = PBXGroup;
			children = (
				4697D2DA1A9331D300807BF7 /* Info.plist */,
			);
			name = "Supporting Files";
			sourceTree = "<group>";
		};
/* End PBXGroup section */

/* Begin PBXNativeTarget section */
		4697D2BF1A9331D300807BF7 /* swift_cal */ = {
			isa = PBXNativeTarget;
			buildConfigurationList = 4697D2DF1A9331D300807BF7 /* Build configuration list for PBXNativeTarget "swift_cal" */;
			buildPhases = (
				4697D2BC1A9331D300807BF7 /* Sources */,
				4697D2BD1A9331D300807BF7 /* Frameworks */,
				4697D2BE1A9331D300807BF7 /* Resources */,
			);
			buildRules = (
			);
			dependencies = (
			);
			name = swift_cal;
			productName = swift_cal;
			productReference = 4697D2C01A9331D300807BF7 /* swift_cal.app */;
			productType = "com.apple.product-type.application";
		};
		4697D2D41A9331D300807BF7 /* swift_calTests */ = {
			isa = PBXNativeTarget;
			buildConfigurationList = 4697D2E21A9331D300807BF7 /* Build configuration list for PBXNativeTarget "swift_calTests" */;
			buildPhases = (
				4697D2D11A9331D300807BF7 /* Sources */,
				4697D2D21A9331D300807BF7 /* Frameworks */,
				4697D2D31A9331D300807BF7 /* Resources */,
			);
			buildRules = (
			);
			dependencies = (
				4697D2D71A9331D300807BF7 /* PBXTargetDependency */,
			);
			name = swift_calTests;
			productName = swift_calTests;
			productReference = 4697D2D51A9331D300807BF7 /* swift_calTests.xctest */;
			productType = "com.apple.product-type.bundle.unit-test";
		};
/* End PBXNativeTarget section */

/* Begin PBXProject section */
		4697D2B81A9331D300807BF7 /* Project object */ = {
			isa = PBXProject;
			attributes = {
				LastUpgradeCheck = 0610;
				ORGANIZATIONNAME = watakemi725;
				TargetAttributes = {
					4697D2BF1A9331D300807BF7 = {
						CreatedOnToolsVersion = 6.1.1;
					};
					4697D2D41A9331D300807BF7 = {
						CreatedOnToolsVersion = 6.1.1;
						TestTargetID = 4697D2BF1A9331D300807BF7;
					};
				};
			};
			buildConfigurationList = 4697D2BB1A9331D300807BF7 /* Build configuration list for PBXProject "swift_cal" */;
			compatibilityVersion = "Xcode 3.2";
			developmentRegion = English;
			hasScannedForEncodings = 0;
			knownRegions = (
				en,
				Base,
			);
			mainGroup = 4697D2B71A9331D300807BF7;
			productRefGroup = 4697D2C11A9331D300807BF7 /* Products */;
			projectDirPath = "";
			projectRoot = "";
			targets = (
				4697D2BF1A9331D300807BF7 /* swift_cal */,
				4697D2D41A9331D300807BF7 /* swift_calTests */,
			);
		};
/* End PBXProject section */

/* Begin PBXResourcesBuildPhase section */
		4697D2BE1A9331D300807BF7 /* Resources */ = {
			isa = PBXResourcesBuildPhase;
			buildActionMask = 2147483647;
			files = (
				4697D2CB1A9331D300807BF7 /* Main.storyboard in Resources */,
				4697D2D01A9331D300807BF7 /* LaunchScreen.xib in Resources */,
				4697D2CD1A9331D300807BF7 /* Images.xcassets in Resources */,
			);
			runOnlyForDeploymentPostprocessing = 0;
		};
		4697D2D31A9331D300807BF7 /* Resources */ = {
			isa = PBXResourcesBuildPhase;
			buildActionMask = 2147483647;
			files = (
			);
			runOnlyForDeploymentPostprocessing = 0;
		};
/* End PBXResourcesBuildPhase section */

/* Begin PBXSourcesBuildPhase section */
		4697D2BC1A9331D300807BF7 /* Sources */ = {
			isa = PBXSourcesBuildPhase;
			buildActionMask = 2147483647;
			files = (
				4697D2C81A9331D300807BF7 /* ViewController.swift in Sources */,
				4697D2C61A9331D300807BF7 /* AppDelegate.swift in Sources */,
			);
			runOnlyForDeploymentPostprocessing = 0;
		};
		4697D2D11A9331D300807BF7 /* Sources */ = {
			isa = PBXSourcesBuildPhase;
			buildActionMask = 2147483647;
			files = (
				4697D2DC1A9331D300807BF7 /* swift_calTests.swift in Sources */,
			);
			runOnlyForDeploymentPostprocessing = 0;
		};
/* End PBXSourcesBuildPhase section */

/* Begin PBXTargetDependency section */
		4697D2D71A9331D300807BF7 /* PBXTargetDependency */ = {
			isa = PBXTargetDependency;
			target = 4697D2BF1A9331D300807BF7 /* swift_cal */;
			targetProxy = 4697D2D61A9331D300807BF7 /* PBXContainerItemProxy */;
		};
/* End PBXTargetDependency section */

/* Begin PBXVariantGroup section */
		4697D2C91A9331D300807BF7 /* Main.storyboard */ = {
			isa = PBXVariantGroup;
			children = (
				4697D2CA1A9331D300807BF7 /* Base */,
			);
			name = Main.storyboard;
			sourceTree = "<group>";
		};
		4697D2CE1A9331D300807BF7 /* LaunchScreen.xib */ = {
			isa = PBXVariantGroup;
			children = (
				4697D2CF1A9331D300807BF7 /* Base */,
			);
			name = LaunchScreen.xib;
			sourceTree = "<group>";
		};
/* End PBXVariantGroup section */

/* Begin XCBuildConfiguration section */
		4697D2DD1A9331D300807BF7 /* Debug */ = {
			isa = XCBuildConfiguration;
			buildSettings = {
				ALWAYS_SEARCH_USER_PATHS = NO;
				CLANG_CXX_LANGUAGE_STANDARD = "gnu++0x";
				CLANG_CXX_LIBRARY = "libc++";
				CLANG_ENABLE_MODULES = YES;
				CLANG_ENABLE_OBJC_ARC = YES;
				CLANG_WARN_BOOL_CONVERSION = YES;
				CLANG_WARN_CONSTANT_CONVERSION = YES;
				CLANG_WARN_DIRECT_OBJC_ISA_USAGE = YES_ERROR;
				CLANG_WARN_EMPTY_BODY = YES;
				CLANG_WARN_ENUM_CONVERSION = YES;
				CLANG_WARN_INT_CONVERSION = YES;
				CLANG_WARN_OBJC_ROOT_CLASS = YES_ERROR;
				CLANG_WARN_UNREACHABLE_CODE = YES;
				CLANG_WARN__DUPLICATE_METHOD_MATCH = YES;
				"CODE_SIGN_IDENTITY[sdk=iphoneos*]" = "iPhone Developer";
				COPY_PHASE_STRIP = NO;
				ENABLE_STRICT_OBJC_MSGSEND = YES;
				GCC_C_LANGUAGE_STANDARD = gnu99;
				GCC_DYNAMIC_NO_PIC = NO;
				GCC_OPTIMIZATION_LEVEL = 0;
				GCC_PREPROCESSOR_DEFINITIONS = (
					"DEBUG=1",
					"$(inherited)",
				);
				GCC_SYMBOLS_PRIVATE_EXTERN = NO;
				GCC_WARN_64_TO_32_BIT_CONVERSION = YES;
				GCC_WARN_ABOUT_RETURN_TYPE = YES_ERROR;
				GCC_WARN_UNDECLARED_SELECTOR = YES;
				GCC_WARN_UNINITIALIZED_AUTOS = YES_AGGRESSIVE;
				GCC_WARN_UNUSED_FUNCTION = YES;
				GCC_WARN_UNUSED_VARIABLE = YES;
				IPHONEOS_DEPLOYMENT_TARGET = 8.1;
				MTL_ENABLE_DEBUG_INFO = YES;
				ONLY_ACTIVE_ARCH = YES;
				SDKROOT = iphoneos;
				SWIFT_OPTIMIZATION_LEVEL = "-Onone";
			};
			name = Debug;
		};
		4697D2DE1A9331D300807BF7 /* Release */ = {
			isa = XCBuildConfiguration;
			buildSettings = {
				ALWAYS_SEARCH_USER_PATHS = NO;
				CLANG_CXX_LANGUAGE_STANDARD = "gnu++0x";
				CLANG_CXX_LIBRARY = "libc++";
				CLANG_ENABLE_MODULES = YES;
				CLANG_ENABLE_OBJC_ARC = YES;
				CLANG_WARN_BOOL_CONVERSION = YES;
				CLANG_WARN_CONSTANT_CONVERSION = YES;
				CLANG_WARN_DIRECT_OBJC_ISA_USAGE = YES_ERROR;
				CLANG_WARN_EMPTY_BODY = YES;
				CLANG_WARN_ENUM_CONVERSION = YES;
				CLANG_WARN_INT_CONVERSION = YES;
				CLANG_WARN_OBJC_ROOT_CLASS = YES_ERROR;
				CLANG_WARN_UNREACHABLE_CODE = YES;
				CLANG_WARN__DUPLICATE_METHOD_MATCH = YES;
				"CODE_SIGN_IDENTITY[sdk=iphoneos*]" = "iPhone Developer";
				COPY_PHASE_STRIP = YES;
				ENABLE_NS_ASSERTIONS = NO;
				ENABLE_STRICT_OBJC_MSGSEND = YES;
				GCC_C_LANGUAGE_STANDARD = gnu99;
				GCC_WARN_64_TO_32_BIT_CONVERSION = YES;
				GCC_WARN_ABOUT_RETURN_TYPE = YES_ERROR;
				GCC_WARN_UNDECLARED_SELECTOR = YES;
				GCC_WARN_UNINITIALIZED_AUTOS = YES_AGGRESSIVE;
				GCC_WARN_UNUSED_FUNCTION = YES;
				GCC_WARN_UNUSED_VARIABLE = YES;
				IPHONEOS_DEPLOYMENT_TARGET = 8.1;
				MTL_ENABLE_DEBUG_INFO = NO;
				SDKROOT = iphoneos;
				VALIDATE_PRODUCT = YES;
			};
			name = Release;
		};
		4697D2E01A9331D300807BF7 /* Debug */ = {
			isa = XCBuildConfiguration;
			buildSettings = {
				ASSETCATALOG_COMPILER_APPICON_NAME = AppIcon;
				INFOPLIST_FILE = swift_cal/Info.plist;
				LD_RUNPATH_SEARCH_PATHS = "$(inherited) @executable_path/Frameworks";
				PRODUCT_NAME = "$(TARGET_NAME)";
			};
			name = Debug;
		};
		4697D2E11A9331D300807BF7 /* Release */ = {
			isa = XCBuildConfiguration;
			buildSettings = {
				ASSETCATALOG_COMPILER_APPICON_NAME = AppIcon;
				INFOPLIST_FILE = swift_cal/Info.plist;
				LD_RUNPATH_SEARCH_PATHS = "$(inherited) @executable_path/Frameworks";
				PRODUCT_NAME = "$(TARGET_NAME)";
			};
			name = Release;
		};
		4697D2E31A9331D300807BF7 /* Debug */ = {
			isa = XCBuildConfiguration;
			buildSettings = {
				BUNDLE_LOADER = "$(TEST_HOST)";
				FRAMEWORK_SEARCH_PATHS = (
					"$(SDKROOT)/Developer/Library/Frameworks",
					"$(inherited)",
				);
				GCC_PREPROCESSOR_DEFINITIONS = (
					"DEBUG=1",
					"$(inherited)",
				);
				INFOPLIST_FILE = swift_calTests/Info.plist;
				LD_RUNPATH_SEARCH_PATHS = "$(inherited) @executable_path/Frameworks @loader_path/Frameworks";
				PRODUCT_NAME = "$(TARGET_NAME)";
				TEST_HOST = "$(BUILT_PRODUCTS_DIR)/swift_cal.app/swift_cal";
			};
			name = Debug;
		};
		4697D2E41A9331D300807BF7 /* Release */ = {
			isa = XCBuildConfiguration;
			buildSettings = {
				BUNDLE_LOADER = "$(TEST_HOST)";
				FRAMEWORK_SEARCH_PATHS = (
					"$(SDKROOT)/Developer/Library/Frameworks",
					"$(inherited)",
				);
				INFOPLIST_FILE = swift_calTests/Info.plist;
				LD_RUNPATH_SEARCH_PATHS = "$(inherited) @executable_path/Frameworks @loader_path/Frameworks";
				PRODUCT_NAME = "$(TARGET_NAME)";
				TEST_HOST = "$(BUILT_PRODUCTS_DIR)/swift_cal.app/swift_cal";
			};
			name = Release;
		};
/* End XCBuildConfiguration section */

/* Begin XCConfigurationList section */
		4697D2BB1A9331D300807BF7 /* Build configuration list for PBXProject "swift_cal" */ = {
			isa = XCConfigurationList;
			buildConfigurations = (
				4697D2DD1A9331D300807BF7 /* Debug */,
				4697D2DE1A9331D300807BF7 /* Release */,
			);
			defaultConfigurationIsVisible = 0;
			defaultConfigurationName = Release;
		};
		4697D2DF1A9331D300807BF7 /* Build configuration list for PBXNativeTarget "swift_cal" */ = {
			isa = XCConfigurationList;
			buildConfigurations = (
				4697D2E01A9331D300807BF7 /* Debug */,
				4697D2E11A9331D300807BF7 /* Release */,
			);
			defaultConfigurationIsVisible = 0;
		};
		4697D2E21A9331D300807BF7 /* Build configuration list for PBXNativeTarget "swift_calTests" */ = {
			isa = XCConfigurationList;
			buildConfigurations = (
				4697D2E31A9331D300807BF7 /* Debug */,
				4697D2E41A9331D300807BF7 /* Release */,
			);
			defaultConfigurationIsVisible = 0;
		};
/* End XCConfigurationList section */
	};
	rootObject = 4697D2B81A9331D300807BF7 /* Project object */;
}
